{
  "name": "get-json",
  "version": "0.0.3",
  "lockfileVersion": 1,
  "requires": true,
  "dependencies": {
    "debug": {
      "version": "3.0.0",
      "resolved": "https://registry.npmjs.org/debug/-/debug-3.0.0.tgz",
      "integrity": "sha512-XQkHxxqbsCb+zFurCHbotmJZl5jXsxvkRt952pT6Hpo7LmjWAJF12d9/kqBg5owjbLADbBDli1olravjSiSg8g==",
      "requires": {
        "ms": "2.0.0"
      }
    },
    "is-node": {
      "version": "0.0.0",
      "resolved": "https://registry.npmjs.org/is-node/-/is-node-0.0.0.tgz",
      "integrity": "sha1-h91lC4f7ajnFDKr+4On2g17BXkE="
    },
    "jsonp": {
      "version": "0.0.4",
      "resolved": "https://registry.npmjs.org/jsonp/-/jsonp-0.0.4.tgz",
      "integrity": "sha1-lGZaS3caq+y4qshBNbmVlHVpGL0=",
      "requires": {
        "debug": "3.0.0"
      }
    },
    "ms": {
      "version": "2.0.0",
      "resolved": "https://registry.npmjs.org/ms/-/ms-2.0.0.tgz",
      "integrity": "sha1-VgiurfwAvmwpAd9fmGF4jeDVl8g="
    },
    "phin": {
      "version": "2.2.6",
      "resolved": "https://registry.npmjs.org/phin/-/phin-2.2.6.tgz",
      "integrity": "sha512-bpwIudW+kSOGaocTkSR6REzGOW4o+QUdHLXfYXtEkp13WmwBSpl0Kecy8uWVaxgwT977KqLguV6Zc206kLoN/g=="
    }
  }
}
